
Microsoft Visual Studio Solution File, Format Version 12.00
# Visual Studio 14
VisualStudioVersion = 14.0.23107.0
MinimumVisualStudioVersion = 10.0.40219.1
Project("{FAE04EC0-301F-11D3-BF4B-00C04F79EFBC}") = "BackButtonDemo", "BackButtonDemo\BackButtonDemo.csproj", "{FBEC6DCD-9621-4E17-B70C-4180A7313878}"
EndProject
Global
	GlobalSection(SolutionConfigurationPlatforms) = preSolution
		Debug|ARM = Debug|ARM
		Debug|x64 = Debug|x64
		Debug|x86 = Debug|x86
		Release|ARM = Release|ARM
		Release|x64 = Release|x64
		Release|x86 = Release|x86
	EndGlobalSection
	GlobalSection(ProjectConfigurationPlatforms) = postSolution
		{FBEC6DCD-9621-4E17-B70C-4180A7313878}.Debug|ARM.ActiveCfg = Debug|ARM
		{FBEC6DCD-9621-4E17-B70C-4180A7313878}.Debug|ARM.Build.0 = Debug|ARM
		{FBEC6DCD-9621-4E17-B70C-4180A7313878}.Debug|ARM.Deploy.0 = Debug|ARM
		{FBEC6DCD-9621-4E17-B70C-4180A7313878}.Debug|x64.ActiveCfg = Debug|x64
		{FBEC6DCD-9621-4E17-B70C-4180A7313878}.Debug|x64.Build.0 = Debug|x64
		{FBEC6DCD-9621-4E17-B70C-4180A7313878}.Debug|x64.Deploy.0 = Debug|x64
		{FBEC6DCD-9621-4E17-B70C-4180A7313878}.Debug|x86.ActiveCfg = Debug|x86
		{FBEC6DCD-9621-4E17-B70C-4180A7313878}.Debug|x86.Build.0 = Debug|x86
		{FBEC6DCD-9621-4E17-B70C-4180A7313878}.Debug|x86.Deploy.0 = Debug|x86
		{FBEC6DCD-9621-4E17-B70C-4180A7313878}.Release|ARM.ActiveCfg = Release|ARM
		{FBEC6DCD-9621-4E17-B70C-4180A7313878}.Release|ARM.Build.0 = Release|ARM
		{FBEC6DCD-9621-4E17-B70C-4180A7313878}.Release|ARM.Deploy.0 = Release|ARM
		{FBEC6DCD-9621-4E17-B70C-4180A7313878}.Release|x64.ActiveCfg = Release|x64
		{FBEC6DCD-9621-4E17-B70C-4180A7313878}.Release|x64.Build.0 = Release|x64
		{FBEC6DCD-9621-4E17-B70C-4180A7313878}.Release|x64.Deploy.0 = Release|x64
		{FBEC6DCD-9621-4E17-B70C-4180A7313878}.Release|x86.ActiveCfg = Release|x86
		{FBEC6DCD-9621-4E17-B70C-4180A7313878}.Release|x86.Build.0 = Release|x86
		{FBEC6DCD-9621-4E17-B70C-4180A7313878}.Release|x86.Deploy.0 = Release|x86
	EndGlobalSection
	GlobalSection(SolutionProperties) = preSolution
		HideSolutionNode = FALSE
	EndGlobalSection
EndGlobal
